
Microsoft Visual Studio Solution File, Format Version 12.00
# Visual Studio 15
VisualStudioVersion = 15.0.28010.2046
MinimumVisualStudioVersion = 10.0.40219.1
Project("{FAE04EC0-301F-11D3-BF4B-00C04F79EFBC}") = "Otc.Validation.Br.Library", "Otc.Validation.Br\Otc.Validation.Br.Library.csproj", "{42E00A6C-F743-4EAC-9847-0B400F8A7F4B}"
EndProject
Project("{FAE04EC0-301F-11D3-BF4B-00C04F79EFBC}") = "Otc.Validation.Br.Extend", "Otc.ComponentModel.Annotations.Extend\Otc.Validation.Br.Extend.csproj", "{B22EBDA2-B447-4256-93BB-C1918FFD8887}"
EndProject
Project("{FAE04EC0-301F-11D3-BF4B-00C04F79EFBC}") = "AnnotationsSampleApp", "..\sample\AnnotationsSampleApp\AnnotationsSampleApp.csproj", "{3086CA41-AF9C-4727-9EC6-D35A964454D1}"
EndProject
Project("{FAE04EC0-301F-11D3-BF4B-00C04F79EFBC}") = "Otc.Validation.Br.Test", "Otc.Validation.Br.Test\Otc.Validation.Br.Test.csproj", "{8246CC72-88CF-415E-8425-159D8DAC5059}"
EndProject
Global
	GlobalSection(SolutionConfigurationPlatforms) = preSolution
		Debug|Any CPU = Debug|Any CPU
		Release|Any CPU = Release|Any CPU
	EndGlobalSection
	GlobalSection(ProjectConfigurationPlatforms) = postSolution
		{42E00A6C-F743-4EAC-9847-0B400F8A7F4B}.Debug|Any CPU.ActiveCfg = Debug|Any CPU
		{42E00A6C-F743-4EAC-9847-0B400F8A7F4B}.Debug|Any CPU.Build.0 = Debug|Any CPU
		{42E00A6C-F743-4EAC-9847-0B400F8A7F4B}.Release|Any CPU.ActiveCfg = Release|Any CPU
		{42E00A6C-F743-4EAC-9847-0B400F8A7F4B}.Release|Any CPU.Build.0 = Release|Any CPU
		{B22EBDA2-B447-4256-93BB-C1918FFD8887}.Debug|Any CPU.ActiveCfg = Debug|Any CPU
		{B22EBDA2-B447-4256-93BB-C1918FFD8887}.Debug|Any CPU.Build.0 = Debug|Any CPU
		{B22EBDA2-B447-4256-93BB-C1918FFD8887}.Release|Any CPU.ActiveCfg = Release|Any CPU
		{B22EBDA2-B447-4256-93BB-C1918FFD8887}.Release|Any CPU.Build.0 = Release|Any CPU
		{3086CA41-AF9C-4727-9EC6-D35A964454D1}.Debug|Any CPU.ActiveCfg = Debug|Any CPU
		{3086CA41-AF9C-4727-9EC6-D35A964454D1}.Debug|Any CPU.Build.0 = Debug|Any CPU
		{3086CA41-AF9C-4727-9EC6-D35A964454D1}.Release|Any CPU.ActiveCfg = Release|Any CPU
		{3086CA41-AF9C-4727-9EC6-D35A964454D1}.Release|Any CPU.Build.0 = Release|Any CPU
		{8246CC72-88CF-415E-8425-159D8DAC5059}.Debug|Any CPU.ActiveCfg = Debug|Any CPU
		{8246CC72-88CF-415E-8425-159D8DAC5059}.Debug|Any CPU.Build.0 = Debug|Any CPU
		{8246CC72-88CF-415E-8425-159D8DAC5059}.Release|Any CPU.ActiveCfg = Release|Any CPU
		{8246CC72-88CF-415E-8425-159D8DAC5059}.Release|Any CPU.Build.0 = Release|Any CPU
	EndGlobalSection
	GlobalSection(SolutionProperties) = preSolution
		HideSolutionNode = FALSE
	EndGlobalSection
	GlobalSection(ExtensibilityGlobals) = postSolution
		SolutionGuid = {2B02A585-92FA-4B67-B873-D2FECDFD075E}
	EndGlobalSection
EndGlobal
